
Microsoft Visual Studio Solution File, Format Version 12.00
# Visual Studio Version 17
VisualStudioVersion = 17.0.31903.59
MinimumVisualStudioVersion = 10.0.40219.1
Project("{FAE04EC0-301F-11D3-BF4B-00C04F79EFBC}") = "PopulationStats.ConsoleApp", "PopulationStats.ConsoleApp\PopulationStats.ConsoleApp.csproj", "{AA7705EB-9F16-4066-8FDF-5879D4E48203}"
EndProject
Project("{FAE04EC0-301F-11D3-BF4B-00C04F79EFBC}") = "PopulationStats.ConsoleApp.Tests", "PopulationStats.ConsoleApp.Tests\PopulationStats.ConsoleApp.Tests.csproj", "{FC76DA58-5273-418C-B1C0-D65C05D2EDFF}"
EndProject
Project("{FAE04EC0-301F-11D3-BF4B-00C04F79EFBC}") = "PopulationStats.Core", "PopulationStats.Core\PopulationStats.Core.csproj", "{5B76B30A-3F64-4B6A-A6C5-A20567D278BF}"
EndProject
Project("{FAE04EC0-301F-11D3-BF4B-00C04F79EFBC}") = "PopulationStats.Core.Tests", "PopulationStats.Core.Tests\PopulationStats.Core.Tests.csproj", "{5DCC1B17-C4FC-4B89-AD6C-E85ADE5CC034}"
EndProject
Project("{FAE04EC0-301F-11D3-BF4B-00C04F79EFBC}") = "PopulationStats.Data", "PopulationStats.Data\PopulationStats.Data.csproj", "{5CC4A2DB-8248-4299-85AE-47A30EB84241}"
EndProject
Global
	GlobalSection(SolutionConfigurationPlatforms) = preSolution
		Debug|Any CPU = Debug|Any CPU
		Release|Any CPU = Release|Any CPU
	EndGlobalSection
	GlobalSection(ProjectConfigurationPlatforms) = postSolution
		{AA7705EB-9F16-4066-8FDF-5879D4E48203}.Debug|Any CPU.ActiveCfg = Debug|Any CPU
		{AA7705EB-9F16-4066-8FDF-5879D4E48203}.Debug|Any CPU.Build.0 = Debug|Any CPU
		{AA7705EB-9F16-4066-8FDF-5879D4E48203}.Release|Any CPU.ActiveCfg = Release|Any CPU
		{AA7705EB-9F16-4066-8FDF-5879D4E48203}.Release|Any CPU.Build.0 = Release|Any CPU
		{FC76DA58-5273-418C-B1C0-D65C05D2EDFF}.Debug|Any CPU.ActiveCfg = Debug|Any CPU
		{FC76DA58-5273-418C-B1C0-D65C05D2EDFF}.Debug|Any CPU.Build.0 = Debug|Any CPU
		{FC76DA58-5273-418C-B1C0-D65C05D2EDFF}.Release|Any CPU.ActiveCfg = Release|Any CPU
		{FC76DA58-5273-418C-B1C0-D65C05D2EDFF}.Release|Any CPU.Build.0 = Release|Any CPU
		{5B76B30A-3F64-4B6A-A6C5-A20567D278BF}.Debug|Any CPU.ActiveCfg = Debug|Any CPU
		{5B76B30A-3F64-4B6A-A6C5-A20567D278BF}.Debug|Any CPU.Build.0 = Debug|Any CPU
		{5B76B30A-3F64-4B6A-A6C5-A20567D278BF}.Release|Any CPU.ActiveCfg = Release|Any CPU
		{5B76B30A-3F64-4B6A-A6C5-A20567D278BF}.Release|Any CPU.Build.0 = Release|Any CPU
		{5DCC1B17-C4FC-4B89-AD6C-E85ADE5CC034}.Debug|Any CPU.ActiveCfg = Debug|Any CPU
		{5DCC1B17-C4FC-4B89-AD6C-E85ADE5CC034}.Debug|Any CPU.Build.0 = Debug|Any CPU
		{5DCC1B17-C4FC-4B89-AD6C-E85ADE5CC034}.Release|Any CPU.ActiveCfg = Release|Any CPU
		{5DCC1B17-C4FC-4B89-AD6C-E85ADE5CC034}.Release|Any CPU.Build.0 = Release|Any CPU
		{5CC4A2DB-8248-4299-85AE-47A30EB84241}.Debug|Any CPU.ActiveCfg = Debug|Any CPU
		{5CC4A2DB-8248-4299-85AE-47A30EB84241}.Debug|Any CPU.Build.0 = Debug|Any CPU
		{5CC4A2DB-8248-4299-85AE-47A30EB84241}.Release|Any CPU.ActiveCfg = Release|Any CPU
		{5CC4A2DB-8248-4299-85AE-47A30EB84241}.Release|Any CPU.Build.0 = Release|Any CPU
	EndGlobalSection
	GlobalSection(SolutionProperties) = preSolution
		HideSolutionNode = FALSE
	EndGlobalSection
	GlobalSection(ExtensibilityGlobals) = postSolution
		SolutionGuid = {CBCE4288-664B-4E84-9942-28962E5F2C84}
	EndGlobalSection
EndGlobal
